{
  "name": "CHIDAO-UNIAPP",
  "lockfileVersion": 3,
  "requires": true,
  "packages": {
    "": {
      "dependencies": {
        "@dcloudio/uni-ui": "^1.5.7",
        "@fingerprintjs/fingerprintjs": "^4.5.1",
        "@qiun/ucharts": "^2.5.0-20230101",
        "echarts": "^5.5.1",
        "md5": "^2.3.0",
        "uview-plus": "^3.3.54"
      }
    },
    "node_modules/@dcloudio/uni-ui": {
      "version": "1.5.7",
      "resolved": "https://registry.npmmirror.com/@dcloudio/uni-ui/-/uni-ui-1.5.7.tgz",
      "integrity": "sha512-DugxSIrQrze1FLdUOj9a+JEQ0bHGjnJTcGUK1mN/MivKg7nuKJBRWk5Ipa9sUdoBznX6ndz5h2e7Uao6x1CdCw=="
    },
    "node_modules/@fingerprintjs/fingerprintjs": {
      "version": "4.5.1",
      "resolved": "https://registry.npmmirror.com/@fingerprintjs/fingerprintjs/-/fingerprintjs-4.5.1.tgz",
      "integrity": "sha512-hKJaRoLHNeUUPhb+Md3pTlY/Js2YR4aXjroaDHpxrjoM8kGnEFyZVZxXo6l3gRyKnQN52Uoqsycd3M73eCdMzw==",
      "dependencies": {
        "tslib": "^2.4.1"
      }
    },
    "node_modules/@fingerprintjs/fingerprintjs/node_modules/tslib": {
      "version": "2.8.1",
      "resolved": "https://registry.npmmirror.com/tslib/-/tslib-2.8.1.tgz",
      "integrity": "sha512-oJFu94HQb+KVduSUQL7wnpmqnfmLsOA/nAh6b6EH0wCEoK0/mPeXU6c3wKDV83MkOuHPRHtSXKKU99IBazS/2w=="
    },
    "node_modules/@qiun/ucharts": {
      "version": "2.5.0-20230101",
      "resolved": "https://registry.npmmirror.com/@qiun/ucharts/-/ucharts-2.5.0-20230101.tgz",
      "integrity": "sha512-C7ccBgfPuGF6dxTRuMW0NPPMSCf1k/kh3I9zkRVBc5PaivudX/rPL+jd2Wty6gn5ya5L3Ob+YmYe09V5xw66Cw=="
    },
    "node_modules/charenc": {
      "version": "0.0.2",
      "resolved": "https://registry.npmmirror.com/charenc/-/charenc-0.0.2.tgz",
      "integrity": "sha512-yrLQ/yVUFXkzg7EDQsPieE/53+0RlaWTs+wBrvW36cyilJ2SaDWfl4Yj7MtLTXleV9uEKefbAGUPv2/iWSooRA==",
      "engines": {
        "node": "*"
      }
    },
    "node_modules/clipboard": {
      "version": "2.0.11",
      "resolved": "https://registry.npmmirror.com/clipboard/-/clipboard-2.0.11.tgz",
      "integrity": "sha512-C+0bbOqkezLIsmWSvlsXS0Q0bmkugu7jcfMIACB+RDEntIzQIkdr148we28AfSloQLRdZlYL/QYyrq05j/3Faw==",
      "dependencies": {
        "good-listener": "^1.2.2",
        "select": "^1.1.2",
        "tiny-emitter": "^2.0.0"
      }
    },
    "node_modules/crypt": {
      "version": "0.0.2",
      "resolved": "https://registry.npmmirror.com/crypt/-/crypt-0.0.2.tgz",
      "integrity": "sha512-mCxBlsHFYh9C+HVpiEacem8FEBnMXgU9gy4zmNC+SXAZNB/1idgp/aulFJ4FgCi7GPEVbfyng092GqL2k2rmow==",
      "engines": {
        "node": "*"
      }
    },
    "node_modules/dayjs": {
      "version": "1.11.13",
      "resolved": "https://registry.npmmirror.com/dayjs/-/dayjs-1.11.13.tgz",
      "integrity": "sha512-oaMBel6gjolK862uaPQOVTA7q3TZhuSvuMQAAglQDOWYO9A91IrAOUJEyKVlqJlHE0vq5p5UXxzdPfMH/x6xNg=="
    },
    "node_modules/delegate": {
      "version": "3.2.0",
      "resolved": "https://registry.npmmirror.com/delegate/-/delegate-3.2.0.tgz",
      "integrity": "sha512-IofjkYBZaZivn0V8nnsMJGBr4jVLxHDheKSW88PyxS5QC4Vo9ZbZVvhzlSxY87fVq3STR6r+4cGepyHkcWOQSw=="
    },
    "node_modules/echarts": {
      "version": "5.5.1",
      "resolved": "https://registry.npmmirror.com/echarts/-/echarts-5.5.1.tgz",
      "integrity": "sha512-Fce8upazaAXUVUVsjgV6mBnGuqgO+JNDlcgF79Dksy4+wgGpQB2lmYoO4TSweFg/mZITdpGHomw/cNBJZj1icA==",
      "dependencies": {
        "tslib": "2.3.0",
        "zrender": "5.6.0"
      }
    },
    "node_modules/good-listener": {
      "version": "1.2.2",
      "resolved": "https://registry.npmmirror.com/good-listener/-/good-listener-1.2.2.tgz",
      "integrity": "sha512-goW1b+d9q/HIwbVYZzZ6SsTr4IgE+WA44A0GmPIQstuOrgsFcT7VEJ48nmr9GaRtNu0XTKacFLGnBPAM6Afouw==",
      "dependencies": {
        "delegate": "^3.1.2"
      }
    },
    "node_modules/is-buffer": {
      "version": "1.1.6",
      "resolved": "https://registry.npmmirror.com/is-buffer/-/is-buffer-1.1.6.tgz",
      "integrity": "sha512-NcdALwpXkTm5Zvvbk7owOUSvVvBKDgKP5/ewfXEznmQFfs4ZRmanOeKBTjRVjka3QFoN6XJ+9F3USqfHqTaU5w=="
    },
    "node_modules/md5": {
      "version": "2.3.0",
      "resolved": "https://registry.npmmirror.com/md5/-/md5-2.3.0.tgz",
      "integrity": "sha512-T1GITYmFaKuO91vxyoQMFETst+O71VUPEU3ze5GNzDm0OWdP8v1ziTaAEPUr/3kLsY3Sftgz242A1SetQiDL7g==",
      "dependencies": {
        "charenc": "0.0.2",
        "crypt": "0.0.2",
        "is-buffer": "~1.1.6"
      }
    },
    "node_modules/select": {
      "version": "1.1.2",
      "resolved": "https://registry.npmmirror.com/select/-/select-1.1.2.tgz",
      "integrity": "sha512-OwpTSOfy6xSs1+pwcNrv0RBMOzI39Lp3qQKUTPVVPRjCdNa5JH/oPRiqsesIskK8TVgmRiHwO4KXlV2Li9dANA=="
    },
    "node_modules/tiny-emitter": {
      "version": "2.1.0",
      "resolved": "https://registry.npmmirror.com/tiny-emitter/-/tiny-emitter-2.1.0.tgz",
      "integrity": "sha512-NB6Dk1A9xgQPMoGqC5CVXn123gWyte215ONT5Pp5a0yt4nlEoO1ZWeCwpncaekPHXO60i47ihFnZPiRPjRMq4Q=="
    },
    "node_modules/tslib": {
      "version": "2.3.0",
      "resolved": "https://registry.npmmirror.com/tslib/-/tslib-2.3.0.tgz",
      "integrity": "sha512-N82ooyxVNm6h1riLCoyS9e3fuJ3AMG2zIZs2Gd1ATcSFjSA23Q0fzjjZeh0jbJvWVDZ0cJT8yaNNaaXHzueNjg=="
    },
    "node_modules/uview-plus": {
      "version": "3.3.54",
      "resolved": "https://registry.npmmirror.com/uview-plus/-/uview-plus-3.3.54.tgz",
      "integrity": "sha512-c/KcwTkbJed6ZZqxh7mreDFjtkq5ebNkMHsvgFn53xKVEbjWuGJ/zz4jOXWoO+n0r5hxH1LzrDXXDDiBDvqORA==",
      "dependencies": {
        "clipboard": "^2.0.11",
        "dayjs": "^1.11.3"
      },
      "engines": {
        "HBuilderX": "^3.1.0"
      }
    },
    "node_modules/zrender": {
      "version": "5.6.0",
      "resolved": "https://registry.npmmirror.com/zrender/-/zrender-5.6.0.tgz",
      "integrity": "sha512-uzgraf4njmmHAbEUxMJ8Oxg+P3fT04O+9p7gY+wJRVxo8Ge+KmYv0WJev945EH4wFuc4OY2NLXz46FZrWS9xJg==",
      "dependencies": {
        "tslib": "2.3.0"
      }
    }
  }
}
